# This file is generated by running "yarn install" inside your project.
# Manual changes might be lost - proceed with caution!

__metadata:
  version: 6
  cacheKey: 8

"prisma-slug@workspace:.":
  version: 0.0.0-use.local
  resolution: "prisma-slug@workspace:."
  dependencies:
    typescript: ^4.6.4
  languageName: unknown
  linkType: soft

"typescript@npm:^4.6.4":
  version: 4.6.4
  resolution: "typescript@npm:4.6.4"
  bin:
    tsc: bin/tsc
    tsserver: bin/tsserver
  checksum: e7bfcc39cd4571a63a54e5ea21f16b8445268b9900bf55aee0e02ad981be576acc140eba24f1af5e3c1457767c96cea6d12861768fb386cf3ffb34013718631a
  languageName: node
  linkType: hard

"typescript@patch:typescript@^4.6.4#~builtin<compat/typescript>":
  version: 4.6.4
  resolution: "typescript@patch:typescript@npm%3A4.6.4#~builtin<compat/typescript>::version=4.6.4&hash=bda367"
  bin:
    tsc: bin/tsc
    tsserver: bin/tsserver
  checksum: 1cb434fbc637d347be90e3a0c6cd05e33c38f941713c8786d3031faf1842c2c148ba91d2fac01e7276b0ae3249b8633f1660e32686cc7a8c6a8fd5361dc52c66
  languageName: node
  linkType: hard
